
Microsoft Visual Studio Solution File, Format Version 12.00
# Visual Studio Version 17
VisualStudioVersion = 17.4.32916.344
MinimumVisualStudioVersion = 10.0.40219.1
Project("{FAE04EC0-301F-11D3-BF4B-00C04F79EFBC}") = "Aigamo.Petunia", "Aigamo.Petunia\Aigamo.Petunia.csproj", "{C5EEADA4-4935-4CA1-94FC-8D7E7C74FB9E}"
EndProject
Project("{2150E333-8FDC-42A3-9474-1A3956D46DE8}") = "Solution Items", "Solution Items", "{0880E873-D54F-4A11-A9FE-F5090278AF1B}"
	ProjectSection(SolutionItems) = preProject
		.editorconfig = .editorconfig
	EndProjectSection
EndProject
Project("{FAE04EC0-301F-11D3-BF4B-00C04F79EFBC}") = "Aigamo.Petunia.Tests", "Aigamo.Petunia.Tests\Aigamo.Petunia.Tests.csproj", "{B41A3921-6192-4955-AC1B-98F134BFB15D}"
EndProject
Global
	GlobalSection(SolutionConfigurationPlatforms) = preSolution
		Debug|Any CPU = Debug|Any CPU
		Release|Any CPU = Release|Any CPU
	EndGlobalSection
	GlobalSection(ProjectConfigurationPlatforms) = postSolution
		{C5EEADA4-4935-4CA1-94FC-8D7E7C74FB9E}.Debug|Any CPU.ActiveCfg = Debug|Any CPU
		{C5EEADA4-4935-4CA1-94FC-8D7E7C74FB9E}.Debug|Any CPU.Build.0 = Debug|Any CPU
		{C5EEADA4-4935-4CA1-94FC-8D7E7C74FB9E}.Release|Any CPU.ActiveCfg = Release|Any CPU
		{C5EEADA4-4935-4CA1-94FC-8D7E7C74FB9E}.Release|Any CPU.Build.0 = Release|Any CPU
		{B41A3921-6192-4955-AC1B-98F134BFB15D}.Debug|Any CPU.ActiveCfg = Debug|Any CPU
		{B41A3921-6192-4955-AC1B-98F134BFB15D}.Debug|Any CPU.Build.0 = Debug|Any CPU
		{B41A3921-6192-4955-AC1B-98F134BFB15D}.Release|Any CPU.ActiveCfg = Release|Any CPU
		{B41A3921-6192-4955-AC1B-98F134BFB15D}.Release|Any CPU.Build.0 = Release|Any CPU
	EndGlobalSection
	GlobalSection(SolutionProperties) = preSolution
		HideSolutionNode = FALSE
	EndGlobalSection
	GlobalSection(ExtensibilityGlobals) = postSolution
		SolutionGuid = {45158817-7821-4E5C-AE81-395AE166219E}
	EndGlobalSection
EndGlobal
